
Microsoft Visual Studio Solution File, Format Version 12.00
# Visual Studio Version 16
VisualStudioVersion = 16.0.30907.101
MinimumVisualStudioVersion = 10.0.40219.1
Project("{9A19103F-16F7-4668-BE54-9A1E7A4F7556}") = "Metotlar", "Metotlar\Metotlar.csproj", "{52B57B15-54E3-4921-9FAE-609D1CAD9B6C}"
EndProject
Project("{9A19103F-16F7-4668-BE54-9A1E7A4F7556}") = "ClassMetotDemo", "ClassMetotDemo\ClassMetotDemo.csproj", "{76197451-D62C-4AE4-B155-354ED812F0EF}"
EndProject
Project("{9A19103F-16F7-4668-BE54-9A1E7A4F7556}") = "GenericsIntro", "GenericsIntro\GenericsIntro.csproj", "{0AF7D27D-0853-48A0-A239-F05AFDA6C851}"
EndProject
Project("{9A19103F-16F7-4668-BE54-9A1E7A4F7556}") = "OOP3", "OOP3\OOP3.csproj", "{B9DAD84C-C7E1-4833-9A6A-19BE079DCA7E}"
EndProject
Project("{FAE04EC0-301F-11D3-BF4B-00C04F79EFBC}") = "RecapDemo1", "RecapDemo1\RecapDemo1.csproj", "{C1EAA70F-D06A-4448-BE9D-8167696540AA}"
EndProject
Global
	GlobalSection(SolutionConfigurationPlatforms) = preSolution
		Debug|Any CPU = Debug|Any CPU
		Release|Any CPU = Release|Any CPU
	EndGlobalSection
	GlobalSection(ProjectConfigurationPlatforms) = postSolution
		{52B57B15-54E3-4921-9FAE-609D1CAD9B6C}.Debug|Any CPU.ActiveCfg = Debug|Any CPU
		{52B57B15-54E3-4921-9FAE-609D1CAD9B6C}.Debug|Any CPU.Build.0 = Debug|Any CPU
		{52B57B15-54E3-4921-9FAE-609D1CAD9B6C}.Release|Any CPU.ActiveCfg = Release|Any CPU
		{52B57B15-54E3-4921-9FAE-609D1CAD9B6C}.Release|Any CPU.Build.0 = Release|Any CPU
		{76197451-D62C-4AE4-B155-354ED812F0EF}.Debug|Any CPU.ActiveCfg = Debug|Any CPU
		{76197451-D62C-4AE4-B155-354ED812F0EF}.Debug|Any CPU.Build.0 = Debug|Any CPU
		{76197451-D62C-4AE4-B155-354ED812F0EF}.Release|Any CPU.ActiveCfg = Release|Any CPU
		{76197451-D62C-4AE4-B155-354ED812F0EF}.Release|Any CPU.Build.0 = Release|Any CPU
		{0AF7D27D-0853-48A0-A239-F05AFDA6C851}.Debug|Any CPU.ActiveCfg = Debug|Any CPU
		{0AF7D27D-0853-48A0-A239-F05AFDA6C851}.Debug|Any CPU.Build.0 = Debug|Any CPU
		{0AF7D27D-0853-48A0-A239-F05AFDA6C851}.Release|Any CPU.ActiveCfg = Release|Any CPU
		{0AF7D27D-0853-48A0-A239-F05AFDA6C851}.Release|Any CPU.Build.0 = Release|Any CPU
		{B9DAD84C-C7E1-4833-9A6A-19BE079DCA7E}.Debug|Any CPU.ActiveCfg = Debug|Any CPU
		{B9DAD84C-C7E1-4833-9A6A-19BE079DCA7E}.Debug|Any CPU.Build.0 = Debug|Any CPU
		{B9DAD84C-C7E1-4833-9A6A-19BE079DCA7E}.Release|Any CPU.ActiveCfg = Release|Any CPU
		{B9DAD84C-C7E1-4833-9A6A-19BE079DCA7E}.Release|Any CPU.Build.0 = Release|Any CPU
		{C1EAA70F-D06A-4448-BE9D-8167696540AA}.Debug|Any CPU.ActiveCfg = Debug|Any CPU
		{C1EAA70F-D06A-4448-BE9D-8167696540AA}.Debug|Any CPU.Build.0 = Debug|Any CPU
		{C1EAA70F-D06A-4448-BE9D-8167696540AA}.Release|Any CPU.ActiveCfg = Release|Any CPU
		{C1EAA70F-D06A-4448-BE9D-8167696540AA}.Release|Any CPU.Build.0 = Release|Any CPU
	EndGlobalSection
	GlobalSection(SolutionProperties) = preSolution
		HideSolutionNode = FALSE
	EndGlobalSection
	GlobalSection(ExtensibilityGlobals) = postSolution
		SolutionGuid = {29D2D678-8A03-4B04-9CDA-635400A01B35}
	EndGlobalSection
EndGlobal
